// !$*UTF8*$!
{
	archiveVersion = 1;
	classes = {
	};
	objectVersion = 50;
	objects = {

/* Begin PBXBuildFile section */
		DF67C0B325F4824C00484BBB /* AppDelegate.swift in Sources */ = {isa = PBXBuildFile; fileRef = DF67C0B225F4824C00484BBB /* AppDelegate.swift */; };
		DF67C0B525F4824C00484BBB /* SceneDelegate.swift in Sources */ = {isa = PBXBuildFile; fileRef = DF67C0B425F4824C00484BBB /* SceneDelegate.swift */; };
		DF67C0B725F4824C00484BBB /* ViewController.swift in Sources */ = {isa = PBXBuildFile; fileRef = DF67C0B625F4824C00484BBB /* ViewController.swift */; };
		DF67C0BA25F4824C00484BBB /* Main.storyboard in Resources */ = {isa = PBXBuildFile; fileRef = DF67C0B825F4824C00484BBB /* Main.storyboard */; };
		DF67C0BC25F4824D00484BBB /* Assets.xcassets in Resources */ = {isa = PBXBuildFile; fileRef = DF67C0BB25F4824D00484BBB /* Assets.xcassets */; };
		DF67C0BF25F4824D00484BBB /* LaunchScreen.storyboard in Resources */ = {isa = PBXBuildFile; fileRef = DF67C0BD25F4824D00484BBB /* LaunchScreen.storyboard */; };
/* End PBXBuildFile section */

/* Begin PBXFileReference section */
		DF67C0AF25F4824C00484BBB /* Combus Help.app */ = {isa = PBXFileReference; explicitFileType = wrapper.application; includeInIndex = 0; path = "Combus Help.app"; sourceTree = BUILT_PRODUCTS_DIR; };
		DF67C0B225F4824C00484BBB /* AppDelegate.swift */ = {isa = PBXFileReference; lastKnownFileType = sourcecode.swift; path = AppDelegate.swift; sourceTree = "<group>"; };
		DF67C0B425F4824C00484BBB /* SceneDelegate.swift */ = {isa = PBXFileReference; lastKnownFileType = sourcecode.swift; path = SceneDelegate.swift; sourceTree = "<group>"; };
		DF67C0B625F4824C00484BBB /* ViewController.swift */ = {isa = PBXFileReference; lastKnownFileType = sourcecode.swift; path = ViewController.swift; sourceTree = "<group>"; };
		DF67C0B925F4824C00484BBB /* Base */ = {isa = PBXFileReference; lastKnownFileType = file.storyboard; name = Base; path = Base.lproj/Main.storyboard; sourceTree = "<group>"; };
		DF67C0BB25F4824D00484BBB /* Assets.xcassets */ = {isa = PBXFileReference; lastKnownFileType = folder.assetcatalog; path = Assets.xcassets; sourceTree = "<group>"; };
		DF67C0BE25F4824D00484BBB /* Base */ = {isa = PBXFileReference; lastKnownFileType = file.storyboard; name = Base; path = Base.lproj/LaunchScreen.storyboard; sourceTree = "<group>"; };
		DF67C0C025F4824D00484BBB /* Info.plist */ = {isa = PBXFileReference; lastKnownFileType = text.plist.xml; path = Info.plist; sourceTree = "<group>"; };
/* End PBXFileReference section */

/* Begin PBXFrameworksBuildPhase section */
		DF67C0AC25F4824C00484BBB /* Frameworks */ = {
			isa = PBXFrameworksBuildPhase;
			buildActionMask = 2147483647;
			files = (
			);
			runOnlyForDeploymentPostprocessing = 0;
		};
/* End PBXFrameworksBuildPhase section */

/* Begin PBXGroup section */
		DF67C0A625F4824C00484BBB = {
			isa = PBXGroup;
			children = (
				DF67C0B125F4824C00484BBB /* Combus Help */,
				DF67C0B025F4824C00484BBB /* Products */,
			);
			sourceTree = "<group>";
		};
		DF67C0B025F4824C00484BBB /* Products */ = {
			isa = PBXGroup;
			children = (
				DF67C0AF25F4824C00484BBB /* Combus Help.app */,
			);
			name = Products;
			sourceTree = "<group>";
		};
		DF67C0B125F4824C00484BBB /* Combus Help */ = {
			isa = PBXGroup;
			children = (
				DF67C0B225F4824C00484BBB /* AppDelegate.swift */,
				DF67C0B425F4824C00484BBB /* SceneDelegate.swift */,
				DF67C0B625F4824C00484BBB /* ViewController.swift */,
				DF67C0B825F4824C00484BBB /* Main.storyboard */,
				DF67C0BB25F4824D00484BBB /* Assets.xcassets */,
				DF67C0BD25F4824D00484BBB /* LaunchScreen.storyboard */,
				DF67C0C025F4824D00484BBB /* Info.plist */,
			);
			path = "Combus Help";
			sourceTree = "<group>";
		};
/* End PBXGroup section */

/* Begin PBXNativeTarget section */
		DF67C0AE25F4824C00484BBB /* Combus Help */ = {
			isa = PBXNativeTarget;
			buildConfigurationList = DF67C0C325F4824D00484BBB /* Build configuration list for PBXNativeTarget "Combus Help" */;
			buildPhases = (
				DF67C0AB25F4824C00484BBB /* Sources */,
				DF67C0AC25F4824C00484BBB /* Frameworks */,
				DF67C0AD25F4824C00484BBB /* Resources */,
			);
			buildRules = (
			);
			dependencies = (
			);
			name = "Combus Help";
			productName = "Combus Help";
			productReference = DF67C0AF25F4824C00484BBB /* Combus Help.app */;
			productType = "com.apple.product-type.application";
		};
/* End PBXNativeTarget section */

/* Begin PBXProject section */
		DF67C0A725F4824C00484BBB /* Project object */ = {
			isa = PBXProject;
			attributes = {
				LastSwiftUpdateCheck = 1240;
				LastUpgradeCheck = 1240;
				TargetAttributes = {
					DF67C0AE25F4824C00484BBB = {
						CreatedOnToolsVersion = 12.4;
					};
				};
			};
			buildConfigurationList = DF67C0AA25F4824C00484BBB /* Build configuration list for PBXProject "Combus Help" */;
			compatibilityVersion = "Xcode 9.3";
			developmentRegion = en;
			hasScannedForEncodings = 0;
			knownRegions = (
				en,
				Base,
			);
			mainGroup = DF67C0A625F4824C00484BBB;
			productRefGroup = DF67C0B025F4824C00484BBB /* Products */;
			projectDirPath = "";
			projectRoot = "";
			targets = (
				DF67C0AE25F4824C00484BBB /* Combus Help */,
			);
		};
/* End PBXProject section */

/* Begin PBXResourcesBuildPhase section */
		DF67C0AD25F4824C00484BBB /* Resources */ = {
			isa = PBXResourcesBuildPhase;
			buildActionMask = 2147483647;
			files = (
				DF67C0BF25F4824D00484BBB /* LaunchScreen.storyboard in Resources */,
				DF67C0BC25F4824D00484BBB /* Assets.xcassets in Resources */,
				DF67C0BA25F4824C00484BBB /* Main.storyboard in Resources */,
			);
			runOnlyForDeploymentPostprocessing = 0;
		};
/* End PBXResourcesBuildPhase section */

/* Begin PBXSourcesBuildPhase section */
		DF67C0AB25F4824C00484BBB /* Sources */ = {
			isa = PBXSourcesBuildPhase;
			buildActionMask = 2147483647;
			files = (
				DF67C0B725F4824C00484BBB /* ViewController.swift in Sources */,
				DF67C0B325F4824C00484BBB /* AppDelegate.swift in Sources */,
				DF67C0B525F4824C00484BBB /* SceneDelegate.swift in Sources */,
			);
			runOnlyForDeploymentPostprocessing = 0;
		};
/* End PBXSourcesBuildPhase section */

/* Begin PBXVariantGroup section */
		DF67C0B825F4824C00484BBB /* Main.storyboard */ = {
			isa = PBXVariantGroup;
			children = (
				DF67C0B925F4824C00484BBB /* Base */,
			);
			name = Main.storyboard;
			sourceTree = "<group>";
		};
		DF67C0BD25F4824D00484BBB /* LaunchScreen.storyboard */ = {
			isa = PBXVariantGroup;
			children = (
				DF67C0BE25F4824D00484BBB /* Base */,
			);
			name = LaunchScreen.storyboard;
			sourceTree = "<group>";
		};
/* End PBXVariantGroup section */

/* Begin XCBuildConfiguration section */
		DF67C0C125F4824D00484BBB /* Debug */ = {
			isa = XCBuildConfiguration;
			buildSettings = {
				ALWAYS_SEARCH_USER_PATHS = NO;
				CLANG_ANALYZER_NONNULL = YES;
				CLANG_ANALYZER_NUMBER_OBJECT_CONVERSION = YES_AGGRESSIVE;
				CLANG_CXX_LANGUAGE_STANDARD = "gnu++14";
				CLANG_CXX_LIBRARY = "libc++";
				CLANG_ENABLE_MODULES = YES;
				CLANG_ENABLE_OBJC_ARC = YES;
				CLANG_ENABLE_OBJC_WEAK = YES;
				CLANG_WARN_BLOCK_CAPTURE_AUTORELEASING = YES;
				CLANG_WARN_BOOL_CONVERSION = YES;
				CLANG_WARN_COMMA = YES;
				CLANG_WARN_CONSTANT_CONVERSION = YES;
				CLANG_WARN_DEPRECATED_OBJC_IMPLEMENTATIONS = YES;
				CLANG_WARN_DIRECT_OBJC_ISA_USAGE = YES_ERROR;
				CLANG_WARN_DOCUMENTATION_COMMENTS = YES;
				CLANG_WARN_EMPTY_BODY = YES;
				CLANG_WARN_ENUM_CONVERSION = YES;
				CLANG_WARN_INFINITE_RECURSION = YES;
				CLANG_WARN_INT_CONVERSION = YES;
				CLANG_WARN_NON_LITERAL_NULL_CONVERSION = YES;
				CLANG_WARN_OBJC_IMPLICIT_RETAIN_SELF = YES;
				CLANG_WARN_OBJC_LITERAL_CONVERSION = YES;
				CLANG_WARN_OBJC_ROOT_CLASS = YES_ERROR;
				CLANG_WARN_QUOTED_INCLUDE_IN_FRAMEWORK_HEADER = YES;
				CLANG_WARN_RANGE_LOOP_ANALYSIS = YES;
				CLANG_WARN_STRICT_PROTOTYPES = YES;
				CLANG_WARN_SUSPICIOUS_MOVE = YES;
				CLANG_WARN_UNGUARDED_AVAILABILITY = YES_AGGRESSIVE;
				CLANG_WARN_UNREACHABLE_CODE = YES;
				CLANG_WARN__DUPLICATE_METHOD_MATCH = YES;
				COPY_PHASE_STRIP = NO;
				DEBUG_INFORMATION_FORMAT = dwarf;
				ENABLE_STRICT_OBJC_MSGSEND = YES;
				ENABLE_TESTABILITY = YES;
				GCC_C_LANGUAGE_STANDARD = gnu11;
				GCC_DYNAMIC_NO_PIC = NO;
				GCC_NO_COMMON_BLOCKS = YES;
				GCC_OPTIMIZATION_LEVEL = 0;
				GCC_PREPROCESSOR_DEFINITIONS = (
					"DEBUG=1",
					"$(inherited)",
				);
				GCC_WARN_64_TO_32_BIT_CONVERSION = YES;
				GCC_WARN_ABOUT_RETURN_TYPE = YES_ERROR;
				GCC_WARN_UNDECLARED_SELECTOR = YES;
				GCC_WARN_UNINITIALIZED_AUTOS = YES_AGGRESSIVE;
				GCC_WARN_UNUSED_FUNCTION = YES;
				GCC_WARN_UNUSED_VARIABLE = YES;
				IPHONEOS_DEPLOYMENT_TARGET = 14.4;
				MTL_ENABLE_DEBUG_INFO = INCLUDE_SOURCE;
				MTL_FAST_MATH = YES;
				ONLY_ACTIVE_ARCH = YES;
				SDKROOT = iphoneos;
				SWIFT_ACTIVE_COMPILATION_CONDITIONS = DEBUG;
				SWIFT_OPTIMIZATION_LEVEL = "-Onone";
			};
			name = Debug;
		};
		DF67C0C225F4824D00484BBB /* Release */ = {
			isa = XCBuildConfiguration;
			buildSettings = {
				ALWAYS_SEARCH_USER_PATHS = NO;
				CLANG_ANALYZER_NONNULL = YES;
				CLANG_ANALYZER_NUMBER_OBJECT_CONVERSION = YES_AGGRESSIVE;
				CLANG_CXX_LANGUAGE_STANDARD = "gnu++14";
				CLANG_CXX_LIBRARY = "libc++";
				CLANG_ENABLE_MODULES = YES;
				CLANG_ENABLE_OBJC_ARC = YES;
				CLANG_ENABLE_OBJC_WEAK = YES;
				CLANG_WARN_BLOCK_CAPTURE_AUTORELEASING = YES;
				CLANG_WARN_BOOL_CONVERSION = YES;
				CLANG_WARN_COMMA = YES;
				CLANG_WARN_CONSTANT_CONVERSION = YES;
				CLANG_WARN_DEPRECATED_OBJC_IMPLEMENTATIONS = YES;
				CLANG_WARN_DIRECT_OBJC_ISA_USAGE = YES_ERROR;
				CLANG_WARN_DOCUMENTATION_COMMENTS = YES;
				CLANG_WARN_EMPTY_BODY = YES;
				CLANG_WARN_ENUM_CONVERSION = YES;
				CLANG_WARN_INFINITE_RECURSION = YES;
				CLANG_WARN_INT_CONVERSION = YES;
				CLANG_WARN_NON_LITERAL_NULL_CONVERSION = YES;
				CLANG_WARN_OBJC_IMPLICIT_RETAIN_SELF = YES;
				CLANG_WARN_OBJC_LITERAL_CONVERSION = YES;
				CLANG_WARN_OBJC_ROOT_CLASS = YES_ERROR;
				CLANG_WARN_QUOTED_INCLUDE_IN_FRAMEWORK_HEADER = YES;
				CLANG_WARN_RANGE_LOOP_ANALYSIS = YES;
				CLANG_WARN_STRICT_PROTOTYPES = YES;
				CLANG_WARN_SUSPICIOUS_MOVE = YES;
				CLANG_WARN_UNGUARDED_AVAILABILITY = YES_AGGRESSIVE;
				CLANG_WARN_UNREACHABLE_CODE = YES;
				CLANG_WARN__DUPLICATE_METHOD_MATCH = YES;
				COPY_PHASE_STRIP = NO;
				DEBUG_INFORMATION_FORMAT = "dwarf-with-dsym";
				ENABLE_NS_ASSERTIONS = NO;
				ENABLE_STRICT_OBJC_MSGSEND = YES;
				GCC_C_LANGUAGE_STANDARD = gnu11;
				GCC_NO_COMMON_BLOCKS = YES;
				GCC_WARN_64_TO_32_BIT_CONVERSION = YES;
				GCC_WARN_ABOUT_RETURN_TYPE = YES_ERROR;
				GCC_WARN_UNDECLARED_SELECTOR = YES;
				GCC_WARN_UNINITIALIZED_AUTOS = YES_AGGRESSIVE;
				GCC_WARN_UNUSED_FUNCTION = YES;
				GCC_WARN_UNUSED_VARIABLE = YES;
				IPHONEOS_DEPLOYMENT_TARGET = 14.4;
				MTL_ENABLE_DEBUG_INFO = NO;
				MTL_FAST_MATH = YES;
				SDKROOT = iphoneos;
				SWIFT_COMPILATION_MODE = wholemodule;
				SWIFT_OPTIMIZATION_LEVEL = "-O";
				VALIDATE_PRODUCT = YES;
			};
			name = Release;
		};
		DF67C0C425F4824D00484BBB /* Debug */ = {
			isa = XCBuildConfiguration;
			buildSettings = {
				ASSETCATALOG_COMPILER_APPICON_NAME = AppIcon;
				ASSETCATALOG_COMPILER_GLOBAL_ACCENT_COLOR_NAME = AccentColor;
				CODE_SIGN_STYLE = Automatic;
				DEVELOPMENT_TEAM = 8C9UMVY9L4;
				INFOPLIST_FILE = "Combus Help/Info.plist";
				LD_RUNPATH_SEARCH_PATHS = (
					"$(inherited)",
					"@executable_path/Frameworks",
				);
				PRODUCT_BUNDLE_IDENTIFIER = "caio.teste.Combus-Help";
				PRODUCT_NAME = "$(TARGET_NAME)";
				SWIFT_VERSION = 5.0;
				TARGETED_DEVICE_FAMILY = "1,2";
			};
			name = Debug;
		};
		DF67C0C525F4824D00484BBB /* Release */ = {
			isa = XCBuildConfiguration;
			buildSettings = {
				ASSETCATALOG_COMPILER_APPICON_NAME = AppIcon;
				ASSETCATALOG_COMPILER_GLOBAL_ACCENT_COLOR_NAME = AccentColor;
				CODE_SIGN_STYLE = Automatic;
				DEVELOPMENT_TEAM = 8C9UMVY9L4;
				INFOPLIST_FILE = "Combus Help/Info.plist";
				LD_RUNPATH_SEARCH_PATHS = (
					"$(inherited)",
					"@executable_path/Frameworks",
				);
				PRODUCT_BUNDLE_IDENTIFIER = "caio.teste.Combus-Help";
				PRODUCT_NAME = "$(TARGET_NAME)";
				SWIFT_VERSION = 5.0;
				TARGETED_DEVICE_FAMILY = "1,2";
			};
			name = Release;
		};
/* End XCBuildConfiguration section */

/* Begin XCConfigurationList section */
		DF67C0AA25F4824C00484BBB /* Build configuration list for PBXProject "Combus Help" */ = {
			isa = XCConfigurationList;
			buildConfigurations = (
				DF67C0C125F4824D00484BBB /* Debug */,
				DF67C0C225F4824D00484BBB /* Release */,
			);
			defaultConfigurationIsVisible = 0;
			defaultConfigurationName = Release;
		};
		DF67C0C325F4824D00484BBB /* Build configuration list for PBXNativeTarget "Combus Help" */ = {
			isa = XCConfigurationList;
			buildConfigurations = (
				DF67C0C425F4824D00484BBB /* Debug */,
				DF67C0C525F4824D00484BBB /* Release */,
			);
			defaultConfigurationIsVisible = 0;
			defaultConfigurationName = Release;
		};
/* End XCConfigurationList section */
	};
	rootObject = DF67C0A725F4824C00484BBB /* Project object */;
}
